
Microsoft Visual Studio Solution File, Format Version 12.00
# Visual Studio Version 17
VisualStudioVersion = 17.5.33502.453
MinimumVisualStudioVersion = 10.0.40219.1
Project("{FAE04EC0-301F-11D3-BF4B-00C04F79EFBC}") = "TestRazorPages", "TestRazorPages\TestRazorPages.csproj", "{59027F23-E2D5-485B-A212-4769AC5272BB}"
EndProject
Global
	GlobalSection(SolutionConfigurationPlatforms) = preSolution
		Debug|Any CPU = Debug|Any CPU
		Release|Any CPU = Release|Any CPU
	EndGlobalSection
	GlobalSection(ProjectConfigurationPlatforms) = postSolution
		{59027F23-E2D5-485B-A212-4769AC5272BB}.Debug|Any CPU.ActiveCfg = Debug|Any CPU
		{59027F23-E2D5-485B-A212-4769AC5272BB}.Debug|Any CPU.Build.0 = Debug|Any CPU
		{59027F23-E2D5-485B-A212-4769AC5272BB}.Release|Any CPU.ActiveCfg = Release|Any CPU
		{59027F23-E2D5-485B-A212-4769AC5272BB}.Release|Any CPU.Build.0 = Release|Any CPU
	EndGlobalSection
	GlobalSection(SolutionProperties) = preSolution
		HideSolutionNode = FALSE
	EndGlobalSection
	GlobalSection(ExtensibilityGlobals) = postSolution
		SolutionGuid = {73C4D5F9-AB4F-485E-A9E2-08459D570490}
	EndGlobalSection
EndGlobal
